
Microsoft Visual Studio Solution File, Format Version 12.00
# Visual Studio 15
Project("{FAE04EC0-301F-11D3-BF4B-00C04F79EFBC}") = "Assembly-CSharp", "Assembly-CSharp.csproj", "{CA7095AE-414C-CAF8-2B4B-5313BC90ECE9}"
EndProject
Project("{FAE04EC0-301F-11D3-BF4B-00C04F79EFBC}") = "Assembly-CSharp-Editor", "Assembly-CSharp-Editor.csproj", "{AD3B6472-0393-4103-7375-BCC94E181163}"
EndProject
Global
	GlobalSection(SolutionConfigurationPlatforms) = preSolution
		Debug|Any CPU = Debug|Any CPU
		Release|Any CPU = Release|Any CPU
	EndGlobalSection
	GlobalSection(ProjectConfigurationPlatforms) = postSolution
		{CA7095AE-414C-CAF8-2B4B-5313BC90ECE9}.Debug|Any CPU.ActiveCfg = Debug|Any CPU
		{CA7095AE-414C-CAF8-2B4B-5313BC90ECE9}.Debug|Any CPU.Build.0 = Debug|Any CPU
		{CA7095AE-414C-CAF8-2B4B-5313BC90ECE9}.Release|Any CPU.ActiveCfg = Release|Any CPU
		{CA7095AE-414C-CAF8-2B4B-5313BC90ECE9}.Release|Any CPU.Build.0 = Release|Any CPU
		{AD3B6472-0393-4103-7375-BCC94E181163}.Debug|Any CPU.ActiveCfg = Debug|Any CPU
		{AD3B6472-0393-4103-7375-BCC94E181163}.Debug|Any CPU.Build.0 = Debug|Any CPU
		{AD3B6472-0393-4103-7375-BCC94E181163}.Release|Any CPU.ActiveCfg = Release|Any CPU
		{AD3B6472-0393-4103-7375-BCC94E181163}.Release|Any CPU.Build.0 = Release|Any CPU
	EndGlobalSection
	GlobalSection(SolutionProperties) = preSolution
		HideSolutionNode = FALSE
	EndGlobalSection
EndGlobal
